
Microsoft Visual Studio Solution File, Format Version 12.00
# Visual Studio Version 16
VisualStudioVersion = 16.0.31515.178
MinimumVisualStudioVersion = 10.0.40219.1
Project("{FAE04EC0-301F-11D3-BF4B-00C04F79EFBC}") = "BlueSportApp", "BlueSportApp\BlueSportApp.csproj", "{C53A6AFC-6EA3-4E1C-8518-A8A25CBA19FA}"
EndProject
Global
	GlobalSection(SolutionConfigurationPlatforms) = preSolution
		Debug|Any CPU = Debug|Any CPU
		Release|Any CPU = Release|Any CPU
	EndGlobalSection
	GlobalSection(ProjectConfigurationPlatforms) = postSolution
		{C53A6AFC-6EA3-4E1C-8518-A8A25CBA19FA}.Debug|Any CPU.ActiveCfg = Debug|Any CPU
		{C53A6AFC-6EA3-4E1C-8518-A8A25CBA19FA}.Debug|Any CPU.Build.0 = Debug|Any CPU
		{C53A6AFC-6EA3-4E1C-8518-A8A25CBA19FA}.Release|Any CPU.ActiveCfg = Release|Any CPU
		{C53A6AFC-6EA3-4E1C-8518-A8A25CBA19FA}.Release|Any CPU.Build.0 = Release|Any CPU
	EndGlobalSection
	GlobalSection(SolutionProperties) = preSolution
		HideSolutionNode = FALSE
	EndGlobalSection
	GlobalSection(ExtensibilityGlobals) = postSolution
		SolutionGuid = {78808FA8-73F6-4B6D-A309-26F40C41CC30}
	EndGlobalSection
EndGlobal
